
Microsoft Visual Studio Solution File, Format Version 12.00
# Visual Studio 2013
VisualStudioVersion = 12.0.31101.0
MinimumVisualStudioVersion = 10.0.40219.1
Project("{FAE04EC0-301F-11D3-BF4B-00C04F79EFBC}") = "Ecommerce", "ECommerce\Ecommerce.csproj", "{F2E79335-A8F1-4743-B35C-A554FFBC76B3}"
EndProject
Project("{FAE04EC0-301F-11D3-BF4B-00C04F79EFBC}") = "Ecommerce.Data", "Ecommerce.Data\Ecommerce.Data.csproj", "{98BC07C2-C053-47EB-8035-8C26325346E8}"
EndProject
Project("{FAE04EC0-301F-11D3-BF4B-00C04F79EFBC}") = "CreateAdminLogIn", "CreateAdminLogIn\CreateAdminLogIn.csproj", "{5BBC1F81-BCED-4ABC-8C35-821FE88F2791}"
EndProject
Global
	GlobalSection(SolutionConfigurationPlatforms) = preSolution
		Debug|Any CPU = Debug|Any CPU
		Release|Any CPU = Release|Any CPU
	EndGlobalSection
	GlobalSection(ProjectConfigurationPlatforms) = postSolution
		{F2E79335-A8F1-4743-B35C-A554FFBC76B3}.Debug|Any CPU.ActiveCfg = Debug|Any CPU
		{F2E79335-A8F1-4743-B35C-A554FFBC76B3}.Debug|Any CPU.Build.0 = Debug|Any CPU
		{F2E79335-A8F1-4743-B35C-A554FFBC76B3}.Release|Any CPU.ActiveCfg = Release|Any CPU
		{F2E79335-A8F1-4743-B35C-A554FFBC76B3}.Release|Any CPU.Build.0 = Release|Any CPU
		{98BC07C2-C053-47EB-8035-8C26325346E8}.Debug|Any CPU.ActiveCfg = Debug|Any CPU
		{98BC07C2-C053-47EB-8035-8C26325346E8}.Debug|Any CPU.Build.0 = Debug|Any CPU
		{98BC07C2-C053-47EB-8035-8C26325346E8}.Release|Any CPU.ActiveCfg = Release|Any CPU
		{98BC07C2-C053-47EB-8035-8C26325346E8}.Release|Any CPU.Build.0 = Release|Any CPU
		{5BBC1F81-BCED-4ABC-8C35-821FE88F2791}.Debug|Any CPU.ActiveCfg = Debug|Any CPU
		{5BBC1F81-BCED-4ABC-8C35-821FE88F2791}.Debug|Any CPU.Build.0 = Debug|Any CPU
		{5BBC1F81-BCED-4ABC-8C35-821FE88F2791}.Release|Any CPU.ActiveCfg = Release|Any CPU
		{5BBC1F81-BCED-4ABC-8C35-821FE88F2791}.Release|Any CPU.Build.0 = Release|Any CPU
	EndGlobalSection
	GlobalSection(SolutionProperties) = preSolution
		HideSolutionNode = FALSE
	EndGlobalSection
EndGlobal
